
Microsoft Visual Studio Solution File, Format Version 12.00
# Visual Studio Version 16
VisualStudioVersion = 16.0.30320.27
MinimumVisualStudioVersion = 10.0.40219.1
Project("{FAE04EC0-301F-11D3-BF4B-00C04F79EFBC}") = "A133590.Ejercicio49", "A133590.Ejercicio49.csproj", "{A48C2561-79AC-4471-A576-E8D06818FF6B}"
EndProject
Global
	GlobalSection(SolutionConfigurationPlatforms) = preSolution
		Debug|Any CPU = Debug|Any CPU
		Release|Any CPU = Release|Any CPU
	EndGlobalSection
	GlobalSection(ProjectConfigurationPlatforms) = postSolution
		{A48C2561-79AC-4471-A576-E8D06818FF6B}.Debug|Any CPU.ActiveCfg = Debug|Any CPU
		{A48C2561-79AC-4471-A576-E8D06818FF6B}.Debug|Any CPU.Build.0 = Debug|Any CPU
		{A48C2561-79AC-4471-A576-E8D06818FF6B}.Release|Any CPU.ActiveCfg = Release|Any CPU
		{A48C2561-79AC-4471-A576-E8D06818FF6B}.Release|Any CPU.Build.0 = Release|Any CPU
	EndGlobalSection
	GlobalSection(SolutionProperties) = preSolution
		HideSolutionNode = FALSE
	EndGlobalSection
	GlobalSection(ExtensibilityGlobals) = postSolution
		SolutionGuid = {E6ABFF61-101F-4708-B5A3-B53BFAC7E411}
	EndGlobalSection
EndGlobal
